
Microsoft Visual Studio Solution File, Format Version 12.00
# Visual Studio Version 17
VisualStudioVersion = 17.4.33110.190
MinimumVisualStudioVersion = 10.0.40219.1
Project("{9A19103F-16F7-4668-BE54-9A1E7A4F7556}") = "Codebridge_Test_REST_API", "Codebridge_Test_REST_API\Codebridge_Test_REST_API.csproj", "{F8A94750-7BD3-4A02-B224-DE9E8409A5C0}"
EndProject
Project("{FAE04EC0-301F-11D3-BF4B-00C04F79EFBC}") = "Codebridge_Test_REST_API.Tests", "Codebridge_Test_REST_API.Tests\Codebridge_Test_REST_API.Tests.csproj", "{89C012F1-2F11-41A4-8B3B-C562E79CB8D6}"
EndProject
Project("{FAE04EC0-301F-11D3-BF4B-00C04F79EFBC}") = "Codebridge_Test_REST_API_IntegrationTests", "Codebridge_Test_REST_API_IntegrationTests\Codebridge_Test_REST_API_IntegrationTests.csproj", "{0047D3C8-7EC8-4111-8C0B-64504EACA030}"
EndProject
Global
	GlobalSection(SolutionConfigurationPlatforms) = preSolution
		Debug|Any CPU = Debug|Any CPU
		Release|Any CPU = Release|Any CPU
	EndGlobalSection
	GlobalSection(ProjectConfigurationPlatforms) = postSolution
		{F8A94750-7BD3-4A02-B224-DE9E8409A5C0}.Debug|Any CPU.ActiveCfg = Debug|Any CPU
		{F8A94750-7BD3-4A02-B224-DE9E8409A5C0}.Debug|Any CPU.Build.0 = Debug|Any CPU
		{F8A94750-7BD3-4A02-B224-DE9E8409A5C0}.Release|Any CPU.ActiveCfg = Release|Any CPU
		{F8A94750-7BD3-4A02-B224-DE9E8409A5C0}.Release|Any CPU.Build.0 = Release|Any CPU
		{89C012F1-2F11-41A4-8B3B-C562E79CB8D6}.Debug|Any CPU.ActiveCfg = Debug|Any CPU
		{89C012F1-2F11-41A4-8B3B-C562E79CB8D6}.Debug|Any CPU.Build.0 = Debug|Any CPU
		{89C012F1-2F11-41A4-8B3B-C562E79CB8D6}.Release|Any CPU.ActiveCfg = Release|Any CPU
		{89C012F1-2F11-41A4-8B3B-C562E79CB8D6}.Release|Any CPU.Build.0 = Release|Any CPU
		{0047D3C8-7EC8-4111-8C0B-64504EACA030}.Debug|Any CPU.ActiveCfg = Debug|Any CPU
		{0047D3C8-7EC8-4111-8C0B-64504EACA030}.Debug|Any CPU.Build.0 = Debug|Any CPU
		{0047D3C8-7EC8-4111-8C0B-64504EACA030}.Release|Any CPU.ActiveCfg = Release|Any CPU
		{0047D3C8-7EC8-4111-8C0B-64504EACA030}.Release|Any CPU.Build.0 = Release|Any CPU
	EndGlobalSection
	GlobalSection(SolutionProperties) = preSolution
		HideSolutionNode = FALSE
	EndGlobalSection
	GlobalSection(ExtensibilityGlobals) = postSolution
		SolutionGuid = {38775031-57C3-4993-8FE0-8B8AEFB56BCB}
	EndGlobalSection
EndGlobal
